// !$*UTF8*$!
{
	archiveVersion = 1;
	classes = {
	};
	objectVersion = 56;
	objects = {

/* Begin PBXBuildFile section */
		B709C1B42B0CEB4F00F53EC1 /* Preview Assets.xcassets in Resources */ = {isa = PBXBuildFile; fileRef = B709C1B32B0CEB4F00F53EC1 /* Preview Assets.xcassets */; };
		B7D4F9622B0F56BF00EAF023 /* LoginUiSpm in Frameworks */ = {isa = PBXBuildFile; productRef = B7D4F9612B0F56BF00EAF023 /* LoginUiSpm */; };
		D401FBC02B0BC46200435CE8 /* SwiftUIDemoApp.swift in Sources */ = {isa = PBXBuildFile; fileRef = D401FBBF2B0BC46200435CE8 /* SwiftUIDemoApp.swift */; };
		D401FBC22B0BC46200435CE8 /* ContentView.swift in Sources */ = {isa = PBXBuildFile; fileRef = D401FBC12B0BC46200435CE8 /* ContentView.swift */; };
		D401FBC42B0BC46500435CE8 /* Assets.xcassets in Resources */ = {isa = PBXBuildFile; fileRef = D401FBC32B0BC46500435CE8 /* Assets.xcassets */; };
		D401FBCE2B0BD24800435CE8 /* ChartView.swift in Sources */ = {isa = PBXBuildFile; fileRef = D401FBCD2B0BD24800435CE8 /* ChartView.swift */; };
		D40308EC2B0CA8FA00AACF61 /* AgeView.swift in Sources */ = {isa = PBXBuildFile; fileRef = D40308EB2B0CA8FA00AACF61 /* AgeView.swift */; };
		D40308EE2B0CAC1200AACF61 /* DonutChart.swift in Sources */ = {isa = PBXBuildFile; fileRef = D40308ED2B0CAC1200AACF61 /* DonutChart.swift */; };
		D40308F02B0CAC5100AACF61 /* BarView.swift in Sources */ = {isa = PBXBuildFile; fileRef = D40308EF2B0CAC5100AACF61 /* BarView.swift */; };
		D40308F22B0CC5BC00AACF61 /* LoginView.swift in Sources */ = {isa = PBXBuildFile; fileRef = D40308F12B0CC5BC00AACF61 /* LoginView.swift */; };
/* End PBXBuildFile section */

/* Begin PBXFileReference section */
		B709C1B32B0CEB4F00F53EC1 /* Preview Assets.xcassets */ = {isa = PBXFileReference; lastKnownFileType = folder.assetcatalog; path = "Preview Assets.xcassets"; sourceTree = "<group>"; };
		D401FBBC2B0BC46200435CE8 /* SwiftUIDemo.app */ = {isa = PBXFileReference; explicitFileType = wrapper.application; includeInIndex = 0; path = SwiftUIDemo.app; sourceTree = BUILT_PRODUCTS_DIR; };
		D401FBBF2B0BC46200435CE8 /* SwiftUIDemoApp.swift */ = {isa = PBXFileReference; lastKnownFileType = sourcecode.swift; path = SwiftUIDemoApp.swift; sourceTree = "<group>"; };
		D401FBC12B0BC46200435CE8 /* ContentView.swift */ = {isa = PBXFileReference; lastKnownFileType = sourcecode.swift; path = ContentView.swift; sourceTree = "<group>"; };
		D401FBC32B0BC46500435CE8 /* Assets.xcassets */ = {isa = PBXFileReference; lastKnownFileType = folder.assetcatalog; path = Assets.xcassets; sourceTree = "<group>"; };
		D401FBCD2B0BD24800435CE8 /* ChartView.swift */ = {isa = PBXFileReference; lastKnownFileType = sourcecode.swift; path = ChartView.swift; sourceTree = "<group>"; };
		D40308EB2B0CA8FA00AACF61 /* AgeView.swift */ = {isa = PBXFileReference; lastKnownFileType = sourcecode.swift; path = AgeView.swift; sourceTree = "<group>"; };
		D40308ED2B0CAC1200AACF61 /* DonutChart.swift */ = {isa = PBXFileReference; lastKnownFileType = sourcecode.swift; path = DonutChart.swift; sourceTree = "<group>"; };
		D40308EF2B0CAC5100AACF61 /* BarView.swift */ = {isa = PBXFileReference; lastKnownFileType = sourcecode.swift; path = BarView.swift; sourceTree = "<group>"; };
		D40308F12B0CC5BC00AACF61 /* LoginView.swift */ = {isa = PBXFileReference; lastKnownFileType = sourcecode.swift; path = LoginView.swift; sourceTree = "<group>"; };
/* End PBXFileReference section */

/* Begin PBXFrameworksBuildPhase section */
		D401FBB92B0BC46200435CE8 /* Frameworks */ = {
			isa = PBXFrameworksBuildPhase;
			buildActionMask = 2147483647;
			files = (
				B7D4F9622B0F56BF00EAF023 /* LoginUiSpm in Frameworks */,
			);
			runOnlyForDeploymentPostprocessing = 0;
		};
/* End PBXFrameworksBuildPhase section */

/* Begin PBXGroup section */
		B709C1B22B0CEB4800F53EC1 /* Preview Content */ = {
			isa = PBXGroup;
			children = (
				B709C1B32B0CEB4F00F53EC1 /* Preview Assets.xcassets */,
			);
			path = "Preview Content";
			sourceTree = "<group>";
		};
		D401FBB32B0BC46200435CE8 = {
			isa = PBXGroup;
			children = (
				D401FBBE2B0BC46200435CE8 /* SwiftUIDemo */,
				D401FBBD2B0BC46200435CE8 /* Products */,
			);
			sourceTree = "<group>";
		};
		D401FBBD2B0BC46200435CE8 /* Products */ = {
			isa = PBXGroup;
			children = (
				D401FBBC2B0BC46200435CE8 /* SwiftUIDemo.app */,
			);
			name = Products;
			sourceTree = "<group>";
		};
		D401FBBE2B0BC46200435CE8 /* SwiftUIDemo */ = {
			isa = PBXGroup;
			children = (
				D401FBCF2B0BD39E00435CE8 /* Component */,
				D401FBBF2B0BC46200435CE8 /* SwiftUIDemoApp.swift */,
				D401FBC12B0BC46200435CE8 /* ContentView.swift */,
				D401FBC32B0BC46500435CE8 /* Assets.xcassets */,
				B709C1B22B0CEB4800F53EC1 /* Preview Content */,
				D401FBCD2B0BD24800435CE8 /* ChartView.swift */,
				D40308F12B0CC5BC00AACF61 /* LoginView.swift */,
			);
			path = SwiftUIDemo;
			sourceTree = "<group>";
		};
		D401FBCF2B0BD39E00435CE8 /* Component */ = {
			isa = PBXGroup;
			children = (
				D40308EB2B0CA8FA00AACF61 /* AgeView.swift */,
				D40308ED2B0CAC1200AACF61 /* DonutChart.swift */,
				D40308EF2B0CAC5100AACF61 /* BarView.swift */,
			);
			path = Component;
			sourceTree = "<group>";
		};
/* End PBXGroup section */

/* Begin PBXNativeTarget section */
		D401FBBB2B0BC46200435CE8 /* SwiftUIDemo */ = {
			isa = PBXNativeTarget;
			buildConfigurationList = D401FBCA2B0BC46500435CE8 /* Build configuration list for PBXNativeTarget "SwiftUIDemo" */;
			buildPhases = (
				D401FBB82B0BC46200435CE8 /* Sources */,
				D401FBB92B0BC46200435CE8 /* Frameworks */,
				D401FBBA2B0BC46200435CE8 /* Resources */,
			);
			buildRules = (
			);
			dependencies = (
			);
			name = SwiftUIDemo;
			packageProductDependencies = (
				B7D4F9612B0F56BF00EAF023 /* LoginUiSpm */,
			);
			productName = SwiftUIDemo;
			productReference = D401FBBC2B0BC46200435CE8 /* SwiftUIDemo.app */;
			productType = "com.apple.product-type.application";
		};
/* End PBXNativeTarget section */

/* Begin PBXProject section */
		D401FBB42B0BC46200435CE8 /* Project object */ = {
			isa = PBXProject;
			attributes = {
				BuildIndependentTargetsInParallel = 1;
				LastSwiftUpdateCheck = 1500;
				LastUpgradeCheck = 1500;
				TargetAttributes = {
					D401FBBB2B0BC46200435CE8 = {
						CreatedOnToolsVersion = 15.0.1;
					};
				};
			};
			buildConfigurationList = D401FBB72B0BC46200435CE8 /* Build configuration list for PBXProject "SwiftUIDemo" */;
			compatibilityVersion = "Xcode 14.0";
			developmentRegion = en;
			hasScannedForEncodings = 0;
			knownRegions = (
				en,
				Base,
			);
			mainGroup = D401FBB32B0BC46200435CE8;
			packageReferences = (
				B7D4F9602B0F56BF00EAF023 /* XCRemoteSwiftPackageReference "LoginUiSpm" */,
			);
			productRefGroup = D401FBBD2B0BC46200435CE8 /* Products */;
			projectDirPath = "";
			projectRoot = "";
			targets = (
				D401FBBB2B0BC46200435CE8 /* SwiftUIDemo */,
			);
		};
/* End PBXProject section */

/* Begin PBXResourcesBuildPhase section */
		D401FBBA2B0BC46200435CE8 /* Resources */ = {
			isa = PBXResourcesBuildPhase;
			buildActionMask = 2147483647;
			files = (
				B709C1B42B0CEB4F00F53EC1 /* Preview Assets.xcassets in Resources */,
				D401FBC42B0BC46500435CE8 /* Assets.xcassets in Resources */,
			);
			runOnlyForDeploymentPostprocessing = 0;
		};
/* End PBXResourcesBuildPhase section */

/* Begin PBXSourcesBuildPhase section */
		D401FBB82B0BC46200435CE8 /* Sources */ = {
			isa = PBXSourcesBuildPhase;
			buildActionMask = 2147483647;
			files = (
				D40308EE2B0CAC1200AACF61 /* DonutChart.swift in Sources */,
				D40308EC2B0CA8FA00AACF61 /* AgeView.swift in Sources */,
				D40308F02B0CAC5100AACF61 /* BarView.swift in Sources */,
				D401FBC22B0BC46200435CE8 /* ContentView.swift in Sources */,
				D401FBC02B0BC46200435CE8 /* SwiftUIDemoApp.swift in Sources */,
				D40308F22B0CC5BC00AACF61 /* LoginView.swift in Sources */,
				D401FBCE2B0BD24800435CE8 /* ChartView.swift in Sources */,
			);
			runOnlyForDeploymentPostprocessing = 0;
		};
/* End PBXSourcesBuildPhase section */

/* Begin XCBuildConfiguration section */
		D401FBC82B0BC46500435CE8 /* Debug */ = {
			isa = XCBuildConfiguration;
			buildSettings = {
				ALWAYS_SEARCH_USER_PATHS = NO;
				ASSETCATALOG_COMPILER_GENERATE_SWIFT_ASSET_SYMBOL_EXTENSIONS = YES;
				CLANG_ANALYZER_NONNULL = YES;
				CLANG_ANALYZER_NUMBER_OBJECT_CONVERSION = YES_AGGRESSIVE;
				CLANG_CXX_LANGUAGE_STANDARD = "gnu++20";
				CLANG_ENABLE_MODULES = YES;
				CLANG_ENABLE_OBJC_ARC = YES;
				CLANG_ENABLE_OBJC_WEAK = YES;
				CLANG_WARN_BLOCK_CAPTURE_AUTORELEASING = YES;
				CLANG_WARN_BOOL_CONVERSION = YES;
				CLANG_WARN_COMMA = YES;
				CLANG_WARN_CONSTANT_CONVERSION = YES;
				CLANG_WARN_DEPRECATED_OBJC_IMPLEMENTATIONS = YES;
				CLANG_WARN_DIRECT_OBJC_ISA_USAGE = YES_ERROR;
				CLANG_WARN_DOCUMENTATION_COMMENTS = YES;
				CLANG_WARN_EMPTY_BODY = YES;
				CLANG_WARN_ENUM_CONVERSION = YES;
				CLANG_WARN_INFINITE_RECURSION = YES;
				CLANG_WARN_INT_CONVERSION = YES;
				CLANG_WARN_NON_LITERAL_NULL_CONVERSION = YES;
				CLANG_WARN_OBJC_IMPLICIT_RETAIN_SELF = YES;
				CLANG_WARN_OBJC_LITERAL_CONVERSION = YES;
				CLANG_WARN_OBJC_ROOT_CLASS = YES_ERROR;
				CLANG_WARN_QUOTED_INCLUDE_IN_FRAMEWORK_HEADER = YES;
				CLANG_WARN_RANGE_LOOP_ANALYSIS = YES;
				CLANG_WARN_STRICT_PROTOTYPES = YES;
				CLANG_WARN_SUSPICIOUS_MOVE = YES;
				CLANG_WARN_UNGUARDED_AVAILABILITY = YES_AGGRESSIVE;
				CLANG_WARN_UNREACHABLE_CODE = YES;
				CLANG_WARN__DUPLICATE_METHOD_MATCH = YES;
				COPY_PHASE_STRIP = NO;
				DEBUG_INFORMATION_FORMAT = dwarf;
				ENABLE_STRICT_OBJC_MSGSEND = YES;
				ENABLE_TESTABILITY = YES;
				ENABLE_USER_SCRIPT_SANDBOXING = YES;
				GCC_C_LANGUAGE_STANDARD = gnu17;
				GCC_DYNAMIC_NO_PIC = NO;
				GCC_NO_COMMON_BLOCKS = YES;
				GCC_OPTIMIZATION_LEVEL = 0;
				GCC_PREPROCESSOR_DEFINITIONS = (
					"DEBUG=1",
					"$(inherited)",
				);
				GCC_WARN_64_TO_32_BIT_CONVERSION = YES;
				GCC_WARN_ABOUT_RETURN_TYPE = YES_ERROR;
				GCC_WARN_UNDECLARED_SELECTOR = YES;
				GCC_WARN_UNINITIALIZED_AUTOS = YES_AGGRESSIVE;
				GCC_WARN_UNUSED_FUNCTION = YES;
				GCC_WARN_UNUSED_VARIABLE = YES;
				IPHONEOS_DEPLOYMENT_TARGET = 17.0;
				LOCALIZATION_PREFERS_STRING_CATALOGS = YES;
				MTL_ENABLE_DEBUG_INFO = INCLUDE_SOURCE;
				MTL_FAST_MATH = YES;
				ONLY_ACTIVE_ARCH = YES;
				SDKROOT = iphoneos;
				SWIFT_ACTIVE_COMPILATION_CONDITIONS = "DEBUG $(inherited)";
				SWIFT_OPTIMIZATION_LEVEL = "-Onone";
			};
			name = Debug;
		};
		D401FBC92B0BC46500435CE8 /* Release */ = {
			isa = XCBuildConfiguration;
			buildSettings = {
				ALWAYS_SEARCH_USER_PATHS = NO;
				ASSETCATALOG_COMPILER_GENERATE_SWIFT_ASSET_SYMBOL_EXTENSIONS = YES;
				CLANG_ANALYZER_NONNULL = YES;
				CLANG_ANALYZER_NUMBER_OBJECT_CONVERSION = YES_AGGRESSIVE;
				CLANG_CXX_LANGUAGE_STANDARD = "gnu++20";
				CLANG_ENABLE_MODULES = YES;
				CLANG_ENABLE_OBJC_ARC = YES;
				CLANG_ENABLE_OBJC_WEAK = YES;
				CLANG_WARN_BLOCK_CAPTURE_AUTORELEASING = YES;
				CLANG_WARN_BOOL_CONVERSION = YES;
				CLANG_WARN_COMMA = YES;
				CLANG_WARN_CONSTANT_CONVERSION = YES;
				CLANG_WARN_DEPRECATED_OBJC_IMPLEMENTATIONS = YES;
				CLANG_WARN_DIRECT_OBJC_ISA_USAGE = YES_ERROR;
				CLANG_WARN_DOCUMENTATION_COMMENTS = YES;
				CLANG_WARN_EMPTY_BODY = YES;
				CLANG_WARN_ENUM_CONVERSION = YES;
				CLANG_WARN_INFINITE_RECURSION = YES;
				CLANG_WARN_INT_CONVERSION = YES;
				CLANG_WARN_NON_LITERAL_NULL_CONVERSION = YES;
				CLANG_WARN_OBJC_IMPLICIT_RETAIN_SELF = YES;
				CLANG_WARN_OBJC_LITERAL_CONVERSION = YES;
				CLANG_WARN_OBJC_ROOT_CLASS = YES_ERROR;
				CLANG_WARN_QUOTED_INCLUDE_IN_FRAMEWORK_HEADER = YES;
				CLANG_WARN_RANGE_LOOP_ANALYSIS = YES;
				CLANG_WARN_STRICT_PROTOTYPES = YES;
				CLANG_WARN_SUSPICIOUS_MOVE = YES;
				CLANG_WARN_UNGUARDED_AVAILABILITY = YES_AGGRESSIVE;
				CLANG_WARN_UNREACHABLE_CODE = YES;
				CLANG_WARN__DUPLICATE_METHOD_MATCH = YES;
				COPY_PHASE_STRIP = NO;
				DEBUG_INFORMATION_FORMAT = "dwarf-with-dsym";
				ENABLE_NS_ASSERTIONS = NO;
				ENABLE_STRICT_OBJC_MSGSEND = YES;
				ENABLE_USER_SCRIPT_SANDBOXING = YES;
				GCC_C_LANGUAGE_STANDARD = gnu17;
				GCC_NO_COMMON_BLOCKS = YES;
				GCC_WARN_64_TO_32_BIT_CONVERSION = YES;
				GCC_WARN_ABOUT_RETURN_TYPE = YES_ERROR;
				GCC_WARN_UNDECLARED_SELECTOR = YES;
				GCC_WARN_UNINITIALIZED_AUTOS = YES_AGGRESSIVE;
				GCC_WARN_UNUSED_FUNCTION = YES;
				GCC_WARN_UNUSED_VARIABLE = YES;
				IPHONEOS_DEPLOYMENT_TARGET = 17.0;
				LOCALIZATION_PREFERS_STRING_CATALOGS = YES;
				MTL_ENABLE_DEBUG_INFO = NO;
				MTL_FAST_MATH = YES;
				SDKROOT = iphoneos;
				SWIFT_COMPILATION_MODE = wholemodule;
				VALIDATE_PRODUCT = YES;
			};
			name = Release;
		};
		D401FBCB2B0BC46500435CE8 /* Debug */ = {
			isa = XCBuildConfiguration;
			buildSettings = {
				ASSETCATALOG_COMPILER_APPICON_NAME = AppIcon;
				ASSETCATALOG_COMPILER_GLOBAL_ACCENT_COLOR_NAME = AccentColor;
				CODE_SIGN_STYLE = Automatic;
				CURRENT_PROJECT_VERSION = 1;
				DEVELOPMENT_ASSET_PATHS = "\"SwiftUIDemo/Preview Content\"";
				ENABLE_PREVIEWS = YES;
				GENERATE_INFOPLIST_FILE = YES;
				INFOPLIST_KEY_UIApplicationSceneManifest_Generation = YES;
				INFOPLIST_KEY_UIApplicationSupportsIndirectInputEvents = YES;
				INFOPLIST_KEY_UILaunchScreen_Generation = YES;
				INFOPLIST_KEY_UIStatusBarStyle = UIStatusBarStyleLightContent;
				INFOPLIST_KEY_UISupportedInterfaceOrientations_iPad = "UIInterfaceOrientationPortrait UIInterfaceOrientationPortraitUpsideDown UIInterfaceOrientationLandscapeLeft UIInterfaceOrientationLandscapeRight";
				INFOPLIST_KEY_UISupportedInterfaceOrientations_iPhone = "UIInterfaceOrientationPortrait UIInterfaceOrientationLandscapeLeft UIInterfaceOrientationLandscapeRight";
				IPHONEOS_DEPLOYMENT_TARGET = 15.0;
				LD_RUNPATH_SEARCH_PATHS = (
					"$(inherited)",
					"@executable_path/Frameworks",
				);
				MARKETING_VERSION = 1.0;
				PRODUCT_BUNDLE_IDENTIFIER = com.app.SwiftUIDemo;
				PRODUCT_NAME = "$(TARGET_NAME)";
				SWIFT_EMIT_LOC_STRINGS = YES;
				SWIFT_VERSION = 5.0;
				TARGETED_DEVICE_FAMILY = "1,2";
			};
			name = Debug;
		};
		D401FBCC2B0BC46500435CE8 /* Release */ = {
			isa = XCBuildConfiguration;
			buildSettings = {
				ASSETCATALOG_COMPILER_APPICON_NAME = AppIcon;
				ASSETCATALOG_COMPILER_GLOBAL_ACCENT_COLOR_NAME = AccentColor;
				CODE_SIGN_STYLE = Automatic;
				CURRENT_PROJECT_VERSION = 1;
				DEVELOPMENT_ASSET_PATHS = "\"SwiftUIDemo/Preview Content\"";
				ENABLE_PREVIEWS = YES;
				GENERATE_INFOPLIST_FILE = YES;
				INFOPLIST_KEY_UIApplicationSceneManifest_Generation = YES;
				INFOPLIST_KEY_UIApplicationSupportsIndirectInputEvents = YES;
				INFOPLIST_KEY_UILaunchScreen_Generation = YES;
				INFOPLIST_KEY_UIStatusBarStyle = UIStatusBarStyleLightContent;
				INFOPLIST_KEY_UISupportedInterfaceOrientations_iPad = "UIInterfaceOrientationPortrait UIInterfaceOrientationPortraitUpsideDown UIInterfaceOrientationLandscapeLeft UIInterfaceOrientationLandscapeRight";
				INFOPLIST_KEY_UISupportedInterfaceOrientations_iPhone = "UIInterfaceOrientationPortrait UIInterfaceOrientationLandscapeLeft UIInterfaceOrientationLandscapeRight";
				IPHONEOS_DEPLOYMENT_TARGET = 15.0;
				LD_RUNPATH_SEARCH_PATHS = (
					"$(inherited)",
					"@executable_path/Frameworks",
				);
				MARKETING_VERSION = 1.0;
				PRODUCT_BUNDLE_IDENTIFIER = com.app.SwiftUIDemo;
				PRODUCT_NAME = "$(TARGET_NAME)";
				SWIFT_EMIT_LOC_STRINGS = YES;
				SWIFT_VERSION = 5.0;
				TARGETED_DEVICE_FAMILY = "1,2";
			};
			name = Release;
		};
/* End XCBuildConfiguration section */

/* Begin XCConfigurationList section */
		D401FBB72B0BC46200435CE8 /* Build configuration list for PBXProject "SwiftUIDemo" */ = {
			isa = XCConfigurationList;
			buildConfigurations = (
				D401FBC82B0BC46500435CE8 /* Debug */,
				D401FBC92B0BC46500435CE8 /* Release */,
			);
			defaultConfigurationIsVisible = 0;
			defaultConfigurationName = Release;
		};
		D401FBCA2B0BC46500435CE8 /* Build configuration list for PBXNativeTarget "SwiftUIDemo" */ = {
			isa = XCConfigurationList;
			buildConfigurations = (
				D401FBCB2B0BC46500435CE8 /* Debug */,
				D401FBCC2B0BC46500435CE8 /* Release */,
			);
			defaultConfigurationIsVisible = 0;
			defaultConfigurationName = Release;
		};
/* End XCConfigurationList section */

/* Begin XCRemoteSwiftPackageReference section */
		B7D4F9602B0F56BF00EAF023 /* XCRemoteSwiftPackageReference "LoginUiSpm" */ = {
			isa = XCRemoteSwiftPackageReference;
			repositoryURL = "https://github.com/App-Ringer/LoginUiSpm";
			requirement = {
				kind = upToNextMajorVersion;
				minimumVersion = 0.0.5;
			};
		};
/* End XCRemoteSwiftPackageReference section */

/* Begin XCSwiftPackageProductDependency section */
		B7D4F9612B0F56BF00EAF023 /* LoginUiSpm */ = {
			isa = XCSwiftPackageProductDependency;
			package = B7D4F9602B0F56BF00EAF023 /* XCRemoteSwiftPackageReference "LoginUiSpm" */;
			productName = LoginUiSpm;
		};
/* End XCSwiftPackageProductDependency section */
	};
	rootObject = D401FBB42B0BC46200435CE8 /* Project object */;
}
